
Microsoft Visual Studio Solution File, Format Version 12.00
# Visual Studio 15
VisualStudioVersion = 15.0.28307.421
MinimumVisualStudioVersion = 10.0.40219.1
Project("{FAE04EC0-301F-11D3-BF4B-00C04F79EFBC}") = "Proyecto 1", "Proyecto 1\Proyecto 1.csproj", "{462452C1-7A0E-4894-9D8D-C1D209B1BA36}"
EndProject
Global
	GlobalSection(SolutionConfigurationPlatforms) = preSolution
		Debug|Any CPU = Debug|Any CPU
		Release|Any CPU = Release|Any CPU
	EndGlobalSection
	GlobalSection(ProjectConfigurationPlatforms) = postSolution
		{462452C1-7A0E-4894-9D8D-C1D209B1BA36}.Debug|Any CPU.ActiveCfg = Debug|Any CPU
		{462452C1-7A0E-4894-9D8D-C1D209B1BA36}.Debug|Any CPU.Build.0 = Debug|Any CPU
		{462452C1-7A0E-4894-9D8D-C1D209B1BA36}.Release|Any CPU.ActiveCfg = Release|Any CPU
		{462452C1-7A0E-4894-9D8D-C1D209B1BA36}.Release|Any CPU.Build.0 = Release|Any CPU
	EndGlobalSection
	GlobalSection(SolutionProperties) = preSolution
		HideSolutionNode = FALSE
	EndGlobalSection
	GlobalSection(ExtensibilityGlobals) = postSolution
		SolutionGuid = {BC00A9B2-FD55-43A8-ABCC-7894FCA33B2E}
	EndGlobalSection
EndGlobal
